
Microsoft Visual Studio Solution File, Format Version 12.00
# Visual Studio Version 17
VisualStudioVersion = 17.9.34728.123
MinimumVisualStudioVersion = 10.0.40219.1
Project("{FAE04EC0-301F-11D3-BF4B-00C04F79EFBC}") = "Second Programing Practice (SPP)", "Second Programing Practice (SPP)\Second Programing Practice (SPP).csproj", "{7DCA00D8-CFAA-428B-B11F-FDC2DDBF85A7}"
EndProject
Global
	GlobalSection(SolutionConfigurationPlatforms) = preSolution
		Debug|Any CPU = Debug|Any CPU
		Release|Any CPU = Release|Any CPU
	EndGlobalSection
	GlobalSection(ProjectConfigurationPlatforms) = postSolution
		{7DCA00D8-CFAA-428B-B11F-FDC2DDBF85A7}.Debug|Any CPU.ActiveCfg = Debug|Any CPU
		{7DCA00D8-CFAA-428B-B11F-FDC2DDBF85A7}.Debug|Any CPU.Build.0 = Debug|Any CPU
		{7DCA00D8-CFAA-428B-B11F-FDC2DDBF85A7}.Release|Any CPU.ActiveCfg = Release|Any CPU
		{7DCA00D8-CFAA-428B-B11F-FDC2DDBF85A7}.Release|Any CPU.Build.0 = Release|Any CPU
	EndGlobalSection
	GlobalSection(SolutionProperties) = preSolution
		HideSolutionNode = FALSE
	EndGlobalSection
	GlobalSection(ExtensibilityGlobals) = postSolution
		SolutionGuid = {DBD20FC8-BFF9-4DAD-8821-4E5F563F4A64}
	EndGlobalSection
EndGlobal
